// !$*UTF8*$!
{
	archiveVersion = 1;
	classes = {
	};
	objectVersion = 56;
	objects = {

/* Begin PBXBuildFile section */
		CE0AC19B29B17528007A21FA /* AppDelegate.swift in Sources */ = {isa = PBXBuildFile; fileRef = CE0AC19A29B17528007A21FA /* AppDelegate.swift */; };
		CE0AC19D29B17528007A21FA /* SceneDelegate.swift in Sources */ = {isa = PBXBuildFile; fileRef = CE0AC19C29B17528007A21FA /* SceneDelegate.swift */; };
		CE0AC19F29B17528007A21FA /* ViewController.swift in Sources */ = {isa = PBXBuildFile; fileRef = CE0AC19E29B17528007A21FA /* ViewController.swift */; };
		CE0AC1A229B17528007A21FA /* Main.storyboard in Resources */ = {isa = PBXBuildFile; fileRef = CE0AC1A029B17528007A21FA /* Main.storyboard */; };
		CE0AC1A429B1752A007A21FA /* Assets.xcassets in Resources */ = {isa = PBXBuildFile; fileRef = CE0AC1A329B1752A007A21FA /* Assets.xcassets */; };
		CE0AC1A729B1752A007A21FA /* LaunchScreen.storyboard in Resources */ = {isa = PBXBuildFile; fileRef = CE0AC1A529B1752A007A21FA /* LaunchScreen.storyboard */; };
		CE0AC1B129B176A2007A21FA /* LogInInteractor.swift in Sources */ = {isa = PBXBuildFile; fileRef = CE0AC1B029B176A2007A21FA /* LogInInteractor.swift */; };
		CE0AC1B329B176B1007A21FA /* LogInModels.swift in Sources */ = {isa = PBXBuildFile; fileRef = CE0AC1B229B176B1007A21FA /* LogInModels.swift */; };
		CE0AC1B529B17754007A21FA /* LogInWorker.swift in Sources */ = {isa = PBXBuildFile; fileRef = CE0AC1B429B17754007A21FA /* LogInWorker.swift */; };
		CE0AC1B729B177AB007A21FA /* LogInPresenter.swift in Sources */ = {isa = PBXBuildFile; fileRef = CE0AC1B629B177AB007A21FA /* LogInPresenter.swift */; };
		CE0AC1B929B17986007A21FA /* Router.swift in Sources */ = {isa = PBXBuildFile; fileRef = CE0AC1B829B17986007A21FA /* Router.swift */; };
		CE0AC1BB29B17BCA007A21FA /* ToDoListViewController.swift in Sources */ = {isa = PBXBuildFile; fileRef = CE0AC1BA29B17BCA007A21FA /* ToDoListViewController.swift */; };
		CE0AC1BD29B186A2007A21FA /* ToDoListInteractor.swift in Sources */ = {isa = PBXBuildFile; fileRef = CE0AC1BC29B186A2007A21FA /* ToDoListInteractor.swift */; };
		CE0AC1BF29B18700007A21FA /* ToDoListModels.swift in Sources */ = {isa = PBXBuildFile; fileRef = CE0AC1BE29B18700007A21FA /* ToDoListModels.swift */; };
		CE0AC1C129B187E0007A21FA /* ToDoListWorker.swift in Sources */ = {isa = PBXBuildFile; fileRef = CE0AC1C029B187E0007A21FA /* ToDoListWorker.swift */; };
		CE0AC1C329B187ED007A21FA /* ToDoListPresenter.swift in Sources */ = {isa = PBXBuildFile; fileRef = CE0AC1C229B187ED007A21FA /* ToDoListPresenter.swift */; };
		CE0AC1C629B188BC007A21FA /* TaskManager.swift in Sources */ = {isa = PBXBuildFile; fileRef = CE0AC1C529B188BC007A21FA /* TaskManager.swift */; };
		CE0AC1C829B188D9007A21FA /* Task.swift in Sources */ = {isa = PBXBuildFile; fileRef = CE0AC1C729B188D9007A21FA /* Task.swift */; };
		CE0AC1CC29B1893E007A21FA /* ITaskManager.swift in Sources */ = {isa = PBXBuildFile; fileRef = CE0AC1CB29B1893E007A21FA /* ITaskManager.swift */; };
		CE0AC1CE29B18957007A21FA /* Repository.swift in Sources */ = {isa = PBXBuildFile; fileRef = CE0AC1CD29B18957007A21FA /* Repository.swift */; };
		CE0AC1D029B18972007A21FA /* OrderedTaskManager.swift in Sources */ = {isa = PBXBuildFile; fileRef = CE0AC1CF29B18972007A21FA /* OrderedTaskManager.swift */; };
		CE0AC1D229B1898E007A21FA /* SectionForTaskManager.swift in Sources */ = {isa = PBXBuildFile; fileRef = CE0AC1D129B1898E007A21FA /* SectionForTaskManager.swift */; };
/* End PBXBuildFile section */

/* Begin PBXFileReference section */
		CE0AC19729B17528007A21FA /* ToDoListCleanSwift.app */ = {isa = PBXFileReference; explicitFileType = wrapper.application; includeInIndex = 0; path = ToDoListCleanSwift.app; sourceTree = BUILT_PRODUCTS_DIR; };
		CE0AC19A29B17528007A21FA /* AppDelegate.swift */ = {isa = PBXFileReference; lastKnownFileType = sourcecode.swift; path = AppDelegate.swift; sourceTree = "<group>"; };
		CE0AC19C29B17528007A21FA /* SceneDelegate.swift */ = {isa = PBXFileReference; lastKnownFileType = sourcecode.swift; path = SceneDelegate.swift; sourceTree = "<group>"; };
		CE0AC19E29B17528007A21FA /* ViewController.swift */ = {isa = PBXFileReference; lastKnownFileType = sourcecode.swift; path = ViewController.swift; sourceTree = "<group>"; };
		CE0AC1A129B17528007A21FA /* Base */ = {isa = PBXFileReference; lastKnownFileType = file.storyboard; name = Base; path = Base.lproj/Main.storyboard; sourceTree = "<group>"; };
		CE0AC1A329B1752A007A21FA /* Assets.xcassets */ = {isa = PBXFileReference; lastKnownFileType = folder.assetcatalog; path = Assets.xcassets; sourceTree = "<group>"; };
		CE0AC1A629B1752A007A21FA /* Base */ = {isa = PBXFileReference; lastKnownFileType = file.storyboard; name = Base; path = Base.lproj/LaunchScreen.storyboard; sourceTree = "<group>"; };
		CE0AC1A829B1752A007A21FA /* Info.plist */ = {isa = PBXFileReference; lastKnownFileType = text.plist.xml; path = Info.plist; sourceTree = "<group>"; };
		CE0AC1B029B176A2007A21FA /* LogInInteractor.swift */ = {isa = PBXFileReference; lastKnownFileType = sourcecode.swift; path = LogInInteractor.swift; sourceTree = "<group>"; };
		CE0AC1B229B176B1007A21FA /* LogInModels.swift */ = {isa = PBXFileReference; lastKnownFileType = sourcecode.swift; path = LogInModels.swift; sourceTree = "<group>"; };
		CE0AC1B429B17754007A21FA /* LogInWorker.swift */ = {isa = PBXFileReference; lastKnownFileType = sourcecode.swift; path = LogInWorker.swift; sourceTree = "<group>"; };
		CE0AC1B629B177AB007A21FA /* LogInPresenter.swift */ = {isa = PBXFileReference; lastKnownFileType = sourcecode.swift; path = LogInPresenter.swift; sourceTree = "<group>"; };
		CE0AC1B829B17986007A21FA /* Router.swift */ = {isa = PBXFileReference; lastKnownFileType = sourcecode.swift; path = Router.swift; sourceTree = "<group>"; };
		CE0AC1BA29B17BCA007A21FA /* ToDoListViewController.swift */ = {isa = PBXFileReference; lastKnownFileType = sourcecode.swift; path = ToDoListViewController.swift; sourceTree = "<group>"; };
		CE0AC1BC29B186A2007A21FA /* ToDoListInteractor.swift */ = {isa = PBXFileReference; lastKnownFileType = sourcecode.swift; path = ToDoListInteractor.swift; sourceTree = "<group>"; };
		CE0AC1BE29B18700007A21FA /* ToDoListModels.swift */ = {isa = PBXFileReference; lastKnownFileType = sourcecode.swift; path = ToDoListModels.swift; sourceTree = "<group>"; };
		CE0AC1C029B187E0007A21FA /* ToDoListWorker.swift */ = {isa = PBXFileReference; lastKnownFileType = sourcecode.swift; path = ToDoListWorker.swift; sourceTree = "<group>"; };
		CE0AC1C229B187ED007A21FA /* ToDoListPresenter.swift */ = {isa = PBXFileReference; lastKnownFileType = sourcecode.swift; path = ToDoListPresenter.swift; sourceTree = "<group>"; };
		CE0AC1C529B188BC007A21FA /* TaskManager.swift */ = {isa = PBXFileReference; lastKnownFileType = sourcecode.swift; path = TaskManager.swift; sourceTree = "<group>"; };
		CE0AC1C729B188D9007A21FA /* Task.swift */ = {isa = PBXFileReference; lastKnownFileType = sourcecode.swift; path = Task.swift; sourceTree = "<group>"; };
		CE0AC1CB29B1893E007A21FA /* ITaskManager.swift */ = {isa = PBXFileReference; lastKnownFileType = sourcecode.swift; name = ITaskManager.swift; path = ../../../../ITaskManager.swift; sourceTree = "<group>"; };
		CE0AC1CD29B18957007A21FA /* Repository.swift */ = {isa = PBXFileReference; lastKnownFileType = sourcecode.swift; path = Repository.swift; sourceTree = "<group>"; };
		CE0AC1CF29B18972007A21FA /* OrderedTaskManager.swift */ = {isa = PBXFileReference; lastKnownFileType = sourcecode.swift; path = OrderedTaskManager.swift; sourceTree = "<group>"; };
		CE0AC1D129B1898E007A21FA /* SectionForTaskManager.swift */ = {isa = PBXFileReference; lastKnownFileType = sourcecode.swift; path = SectionForTaskManager.swift; sourceTree = "<group>"; };
		CEB5EA8B29B1B07F00DBDAD3 /* README.md */ = {isa = PBXFileReference; lastKnownFileType = net.daringfireball.markdown; path = README.md; sourceTree = "<group>"; };
/* End PBXFileReference section */

/* Begin PBXFrameworksBuildPhase section */
		CE0AC19429B17528007A21FA /* Frameworks */ = {
			isa = PBXFrameworksBuildPhase;
			buildActionMask = 2147483647;
			files = (
			);
			runOnlyForDeploymentPostprocessing = 0;
		};
/* End PBXFrameworksBuildPhase section */

/* Begin PBXGroup section */
		CE0AC18E29B17528007A21FA = {
			isa = PBXGroup;
			children = (
				CEB5EA8B29B1B07F00DBDAD3 /* README.md */,
				CE0AC19929B17528007A21FA /* ToDoListCleanSwift */,
				CE0AC19829B17528007A21FA /* Products */,
			);
			sourceTree = "<group>";
		};
		CE0AC19829B17528007A21FA /* Products */ = {
			isa = PBXGroup;
			children = (
				CE0AC19729B17528007A21FA /* ToDoListCleanSwift.app */,
			);
			name = Products;
			sourceTree = "<group>";
		};
		CE0AC19929B17528007A21FA /* ToDoListCleanSwift */ = {
			isa = PBXGroup;
			children = (
				CE0AC1AE29B17553007A21FA /* LogInScene */,
				CE0AC1AF29B17561007A21FA /* ToDoListScene */,
				CE0AC1C429B188AC007A21FA /* BL */,
				CE0AC1CA29B18921007A21FA /* Managers */,
				CE0AC1B829B17986007A21FA /* Router.swift */,
				CE0AC19A29B17528007A21FA /* AppDelegate.swift */,
				CE0AC19C29B17528007A21FA /* SceneDelegate.swift */,
				CE0AC1A029B17528007A21FA /* Main.storyboard */,
				CE0AC1A329B1752A007A21FA /* Assets.xcassets */,
				CE0AC1A529B1752A007A21FA /* LaunchScreen.storyboard */,
				CE0AC1A829B1752A007A21FA /* Info.plist */,
			);
			path = ToDoListCleanSwift;
			sourceTree = "<group>";
		};
		CE0AC1AE29B17553007A21FA /* LogInScene */ = {
			isa = PBXGroup;
			children = (
				CE0AC19E29B17528007A21FA /* ViewController.swift */,
				CE0AC1B029B176A2007A21FA /* LogInInteractor.swift */,
				CE0AC1B229B176B1007A21FA /* LogInModels.swift */,
				CE0AC1B429B17754007A21FA /* LogInWorker.swift */,
				CE0AC1B629B177AB007A21FA /* LogInPresenter.swift */,
			);
			path = LogInScene;
			sourceTree = "<group>";
		};
		CE0AC1AF29B17561007A21FA /* ToDoListScene */ = {
			isa = PBXGroup;
			children = (
				CE0AC1BA29B17BCA007A21FA /* ToDoListViewController.swift */,
				CE0AC1BC29B186A2007A21FA /* ToDoListInteractor.swift */,
				CE0AC1BE29B18700007A21FA /* ToDoListModels.swift */,
				CE0AC1C029B187E0007A21FA /* ToDoListWorker.swift */,
				CE0AC1C229B187ED007A21FA /* ToDoListPresenter.swift */,
			);
			path = ToDoListScene;
			sourceTree = "<group>";
		};
		CE0AC1C429B188AC007A21FA /* BL */ = {
			isa = PBXGroup;
			children = (
				CE0AC1C529B188BC007A21FA /* TaskManager.swift */,
				CE0AC1C729B188D9007A21FA /* Task.swift */,
			);
			path = BL;
			sourceTree = "<group>";
		};
		CE0AC1CA29B18921007A21FA /* Managers */ = {
			isa = PBXGroup;
			children = (
				CE0AC1CB29B1893E007A21FA /* ITaskManager.swift */,
				CE0AC1CD29B18957007A21FA /* Repository.swift */,
				CE0AC1CF29B18972007A21FA /* OrderedTaskManager.swift */,
				CE0AC1D129B1898E007A21FA /* SectionForTaskManager.swift */,
			);
			path = Managers;
			sourceTree = "<group>";
		};
/* End PBXGroup section */

/* Begin PBXNativeTarget section */
		CE0AC19629B17528007A21FA /* ToDoListCleanSwift */ = {
			isa = PBXNativeTarget;
			buildConfigurationList = CE0AC1AB29B1752A007A21FA /* Build configuration list for PBXNativeTarget "ToDoListCleanSwift" */;
			buildPhases = (
				CE0AC19329B17528007A21FA /* Sources */,
				CE0AC19429B17528007A21FA /* Frameworks */,
				CE0AC19529B17528007A21FA /* Resources */,
				CEB5EA8A29B1AC6300DBDAD3 /* SwiftLint */,
			);
			buildRules = (
			);
			dependencies = (
			);
			name = ToDoListCleanSwift;
			productName = ToDoListCleanSwift;
			productReference = CE0AC19729B17528007A21FA /* ToDoListCleanSwift.app */;
			productType = "com.apple.product-type.application";
		};
/* End PBXNativeTarget section */

/* Begin PBXProject section */
		CE0AC18F29B17528007A21FA /* Project object */ = {
			isa = PBXProject;
			attributes = {
				BuildIndependentTargetsInParallel = 1;
				LastSwiftUpdateCheck = 1400;
				LastUpgradeCheck = 1400;
				TargetAttributes = {
					CE0AC19629B17528007A21FA = {
						CreatedOnToolsVersion = 14.0.1;
					};
				};
			};
			buildConfigurationList = CE0AC19229B17528007A21FA /* Build configuration list for PBXProject "ToDoListCleanSwift" */;
			compatibilityVersion = "Xcode 14.0";
			developmentRegion = en;
			hasScannedForEncodings = 0;
			knownRegions = (
				en,
				Base,
			);
			mainGroup = CE0AC18E29B17528007A21FA;
			productRefGroup = CE0AC19829B17528007A21FA /* Products */;
			projectDirPath = "";
			projectRoot = "";
			targets = (
				CE0AC19629B17528007A21FA /* ToDoListCleanSwift */,
			);
		};
/* End PBXProject section */

/* Begin PBXResourcesBuildPhase section */
		CE0AC19529B17528007A21FA /* Resources */ = {
			isa = PBXResourcesBuildPhase;
			buildActionMask = 2147483647;
			files = (
				CE0AC1A729B1752A007A21FA /* LaunchScreen.storyboard in Resources */,
				CE0AC1A429B1752A007A21FA /* Assets.xcassets in Resources */,
				CE0AC1A229B17528007A21FA /* Main.storyboard in Resources */,
			);
			runOnlyForDeploymentPostprocessing = 0;
		};
/* End PBXResourcesBuildPhase section */

/* Begin PBXShellScriptBuildPhase section */
		CEB5EA8A29B1AC6300DBDAD3 /* SwiftLint */ = {
			isa = PBXShellScriptBuildPhase;
			alwaysOutOfDate = 1;
			buildActionMask = 2147483647;
			files = (
			);
			inputFileListPaths = (
			);
			inputPaths = (
			);
			name = SwiftLint;
			outputFileListPaths = (
			);
			outputPaths = (
			);
			runOnlyForDeploymentPostprocessing = 0;
			shellPath = /bin/sh;
			shellScript = "export PATH=\"$PATH:/opt/homebrew/bin\"\nif which swiftlint > /dev/null; then\n  swiftlint\nelse\n  echo \"warning: SwiftLint not installed, download from https://github.com/realm/SwiftLint\"\nfi\n";
		};
/* End PBXShellScriptBuildPhase section */

/* Begin PBXSourcesBuildPhase section */
		CE0AC19329B17528007A21FA /* Sources */ = {
			isa = PBXSourcesBuildPhase;
			buildActionMask = 2147483647;
			files = (
				CE0AC1B929B17986007A21FA /* Router.swift in Sources */,
				CE0AC1B129B176A2007A21FA /* LogInInteractor.swift in Sources */,
				CE0AC1BF29B18700007A21FA /* ToDoListModels.swift in Sources */,
				CE0AC1C129B187E0007A21FA /* ToDoListWorker.swift in Sources */,
				CE0AC1CC29B1893E007A21FA /* ITaskManager.swift in Sources */,
				CE0AC19F29B17528007A21FA /* ViewController.swift in Sources */,
				CE0AC1B329B176B1007A21FA /* LogInModels.swift in Sources */,
				CE0AC1B729B177AB007A21FA /* LogInPresenter.swift in Sources */,
				CE0AC1C829B188D9007A21FA /* Task.swift in Sources */,
				CE0AC1B529B17754007A21FA /* LogInWorker.swift in Sources */,
				CE0AC1BD29B186A2007A21FA /* ToDoListInteractor.swift in Sources */,
				CE0AC1D229B1898E007A21FA /* SectionForTaskManager.swift in Sources */,
				CE0AC1C329B187ED007A21FA /* ToDoListPresenter.swift in Sources */,
				CE0AC1CE29B18957007A21FA /* Repository.swift in Sources */,
				CE0AC19B29B17528007A21FA /* AppDelegate.swift in Sources */,
				CE0AC1D029B18972007A21FA /* OrderedTaskManager.swift in Sources */,
				CE0AC1BB29B17BCA007A21FA /* ToDoListViewController.swift in Sources */,
				CE0AC1C629B188BC007A21FA /* TaskManager.swift in Sources */,
				CE0AC19D29B17528007A21FA /* SceneDelegate.swift in Sources */,
			);
			runOnlyForDeploymentPostprocessing = 0;
		};
/* End PBXSourcesBuildPhase section */

/* Begin PBXVariantGroup section */
		CE0AC1A029B17528007A21FA /* Main.storyboard */ = {
			isa = PBXVariantGroup;
			children = (
				CE0AC1A129B17528007A21FA /* Base */,
			);
			name = Main.storyboard;
			sourceTree = "<group>";
		};
		CE0AC1A529B1752A007A21FA /* LaunchScreen.storyboard */ = {
			isa = PBXVariantGroup;
			children = (
				CE0AC1A629B1752A007A21FA /* Base */,
			);
			name = LaunchScreen.storyboard;
			sourceTree = "<group>";
		};
/* End PBXVariantGroup section */

/* Begin XCBuildConfiguration section */
		CE0AC1A929B1752A007A21FA /* Debug */ = {
			isa = XCBuildConfiguration;
			buildSettings = {
				ALWAYS_SEARCH_USER_PATHS = NO;
				CLANG_ANALYZER_NONNULL = YES;
				CLANG_ANALYZER_NUMBER_OBJECT_CONVERSION = YES_AGGRESSIVE;
				CLANG_CXX_LANGUAGE_STANDARD = "gnu++20";
				CLANG_ENABLE_MODULES = YES;
				CLANG_ENABLE_OBJC_ARC = YES;
				CLANG_ENABLE_OBJC_WEAK = YES;
				CLANG_WARN_BLOCK_CAPTURE_AUTORELEASING = YES;
				CLANG_WARN_BOOL_CONVERSION = YES;
				CLANG_WARN_COMMA = YES;
				CLANG_WARN_CONSTANT_CONVERSION = YES;
				CLANG_WARN_DEPRECATED_OBJC_IMPLEMENTATIONS = YES;
				CLANG_WARN_DIRECT_OBJC_ISA_USAGE = YES_ERROR;
				CLANG_WARN_DOCUMENTATION_COMMENTS = YES;
				CLANG_WARN_EMPTY_BODY = YES;
				CLANG_WARN_ENUM_CONVERSION = YES;
				CLANG_WARN_INFINITE_RECURSION = YES;
				CLANG_WARN_INT_CONVERSION = YES;
				CLANG_WARN_NON_LITERAL_NULL_CONVERSION = YES;
				CLANG_WARN_OBJC_IMPLICIT_RETAIN_SELF = YES;
				CLANG_WARN_OBJC_LITERAL_CONVERSION = YES;
				CLANG_WARN_OBJC_ROOT_CLASS = YES_ERROR;
				CLANG_WARN_QUOTED_INCLUDE_IN_FRAMEWORK_HEADER = YES;
				CLANG_WARN_RANGE_LOOP_ANALYSIS = YES;
				CLANG_WARN_STRICT_PROTOTYPES = YES;
				CLANG_WARN_SUSPICIOUS_MOVE = YES;
				CLANG_WARN_UNGUARDED_AVAILABILITY = YES_AGGRESSIVE;
				CLANG_WARN_UNREACHABLE_CODE = YES;
				CLANG_WARN__DUPLICATE_METHOD_MATCH = YES;
				COPY_PHASE_STRIP = NO;
				DEBUG_INFORMATION_FORMAT = dwarf;
				ENABLE_STRICT_OBJC_MSGSEND = YES;
				ENABLE_TESTABILITY = YES;
				GCC_C_LANGUAGE_STANDARD = gnu11;
				GCC_DYNAMIC_NO_PIC = NO;
				GCC_NO_COMMON_BLOCKS = YES;
				GCC_OPTIMIZATION_LEVEL = 0;
				GCC_PREPROCESSOR_DEFINITIONS = (
					"DEBUG=1",
					"$(inherited)",
				);
				GCC_WARN_64_TO_32_BIT_CONVERSION = YES;
				GCC_WARN_ABOUT_RETURN_TYPE = YES_ERROR;
				GCC_WARN_UNDECLARED_SELECTOR = YES;
				GCC_WARN_UNINITIALIZED_AUTOS = YES_AGGRESSIVE;
				GCC_WARN_UNUSED_FUNCTION = YES;
				GCC_WARN_UNUSED_VARIABLE = YES;
				IPHONEOS_DEPLOYMENT_TARGET = 16.0;
				MTL_ENABLE_DEBUG_INFO = INCLUDE_SOURCE;
				MTL_FAST_MATH = YES;
				ONLY_ACTIVE_ARCH = YES;
				SDKROOT = iphoneos;
				SWIFT_ACTIVE_COMPILATION_CONDITIONS = DEBUG;
				SWIFT_OPTIMIZATION_LEVEL = "-Onone";
			};
			name = Debug;
		};
		CE0AC1AA29B1752A007A21FA /* Release */ = {
			isa = XCBuildConfiguration;
			buildSettings = {
				ALWAYS_SEARCH_USER_PATHS = NO;
				CLANG_ANALYZER_NONNULL = YES;
				CLANG_ANALYZER_NUMBER_OBJECT_CONVERSION = YES_AGGRESSIVE;
				CLANG_CXX_LANGUAGE_STANDARD = "gnu++20";
				CLANG_ENABLE_MODULES = YES;
				CLANG_ENABLE_OBJC_ARC = YES;
				CLANG_ENABLE_OBJC_WEAK = YES;
				CLANG_WARN_BLOCK_CAPTURE_AUTORELEASING = YES;
				CLANG_WARN_BOOL_CONVERSION = YES;
				CLANG_WARN_COMMA = YES;
				CLANG_WARN_CONSTANT_CONVERSION = YES;
				CLANG_WARN_DEPRECATED_OBJC_IMPLEMENTATIONS = YES;
				CLANG_WARN_DIRECT_OBJC_ISA_USAGE = YES_ERROR;
				CLANG_WARN_DOCUMENTATION_COMMENTS = YES;
				CLANG_WARN_EMPTY_BODY = YES;
				CLANG_WARN_ENUM_CONVERSION = YES;
				CLANG_WARN_INFINITE_RECURSION = YES;
				CLANG_WARN_INT_CONVERSION = YES;
				CLANG_WARN_NON_LITERAL_NULL_CONVERSION = YES;
				CLANG_WARN_OBJC_IMPLICIT_RETAIN_SELF = YES;
				CLANG_WARN_OBJC_LITERAL_CONVERSION = YES;
				CLANG_WARN_OBJC_ROOT_CLASS = YES_ERROR;
				CLANG_WARN_QUOTED_INCLUDE_IN_FRAMEWORK_HEADER = YES;
				CLANG_WARN_RANGE_LOOP_ANALYSIS = YES;
				CLANG_WARN_STRICT_PROTOTYPES = YES;
				CLANG_WARN_SUSPICIOUS_MOVE = YES;
				CLANG_WARN_UNGUARDED_AVAILABILITY = YES_AGGRESSIVE;
				CLANG_WARN_UNREACHABLE_CODE = YES;
				CLANG_WARN__DUPLICATE_METHOD_MATCH = YES;
				COPY_PHASE_STRIP = NO;
				DEBUG_INFORMATION_FORMAT = "dwarf-with-dsym";
				ENABLE_NS_ASSERTIONS = NO;
				ENABLE_STRICT_OBJC_MSGSEND = YES;
				GCC_C_LANGUAGE_STANDARD = gnu11;
				GCC_NO_COMMON_BLOCKS = YES;
				GCC_WARN_64_TO_32_BIT_CONVERSION = YES;
				GCC_WARN_ABOUT_RETURN_TYPE = YES_ERROR;
				GCC_WARN_UNDECLARED_SELECTOR = YES;
				GCC_WARN_UNINITIALIZED_AUTOS = YES_AGGRESSIVE;
				GCC_WARN_UNUSED_FUNCTION = YES;
				GCC_WARN_UNUSED_VARIABLE = YES;
				IPHONEOS_DEPLOYMENT_TARGET = 16.0;
				MTL_ENABLE_DEBUG_INFO = NO;
				MTL_FAST_MATH = YES;
				SDKROOT = iphoneos;
				SWIFT_COMPILATION_MODE = wholemodule;
				SWIFT_OPTIMIZATION_LEVEL = "-O";
				VALIDATE_PRODUCT = YES;
			};
			name = Release;
		};
		CE0AC1AC29B1752A007A21FA /* Debug */ = {
			isa = XCBuildConfiguration;
			buildSettings = {
				ASSETCATALOG_COMPILER_APPICON_NAME = AppIcon;
				ASSETCATALOG_COMPILER_GLOBAL_ACCENT_COLOR_NAME = AccentColor;
				CODE_SIGN_STYLE = Automatic;
				CURRENT_PROJECT_VERSION = 1;
				GENERATE_INFOPLIST_FILE = YES;
				INFOPLIST_FILE = ToDoListCleanSwift/Info.plist;
				INFOPLIST_KEY_UIApplicationSupportsIndirectInputEvents = YES;
				INFOPLIST_KEY_UILaunchStoryboardName = LaunchScreen;
				INFOPLIST_KEY_UIMainStoryboardFile = Main;
				INFOPLIST_KEY_UISupportedInterfaceOrientations_iPad = "UIInterfaceOrientationPortrait UIInterfaceOrientationPortraitUpsideDown UIInterfaceOrientationLandscapeLeft UIInterfaceOrientationLandscapeRight";
				INFOPLIST_KEY_UISupportedInterfaceOrientations_iPhone = "UIInterfaceOrientationPortrait UIInterfaceOrientationLandscapeLeft UIInterfaceOrientationLandscapeRight";
				LD_RUNPATH_SEARCH_PATHS = (
					"$(inherited)",
					"@executable_path/Frameworks",
				);
				MARKETING_VERSION = 1.0;
				PRODUCT_BUNDLE_IDENTIFIER = leila.ToDoListCleanSwift;
				PRODUCT_NAME = "$(TARGET_NAME)";
				SWIFT_EMIT_LOC_STRINGS = YES;
				SWIFT_VERSION = 5.0;
				TARGETED_DEVICE_FAMILY = "1,2";
			};
			name = Debug;
		};
		CE0AC1AD29B1752A007A21FA /* Release */ = {
			isa = XCBuildConfiguration;
			buildSettings = {
				ASSETCATALOG_COMPILER_APPICON_NAME = AppIcon;
				ASSETCATALOG_COMPILER_GLOBAL_ACCENT_COLOR_NAME = AccentColor;
				CODE_SIGN_STYLE = Automatic;
				CURRENT_PROJECT_VERSION = 1;
				GENERATE_INFOPLIST_FILE = YES;
				INFOPLIST_FILE = ToDoListCleanSwift/Info.plist;
				INFOPLIST_KEY_UIApplicationSupportsIndirectInputEvents = YES;
				INFOPLIST_KEY_UILaunchStoryboardName = LaunchScreen;
				INFOPLIST_KEY_UIMainStoryboardFile = Main;
				INFOPLIST_KEY_UISupportedInterfaceOrientations_iPad = "UIInterfaceOrientationPortrait UIInterfaceOrientationPortraitUpsideDown UIInterfaceOrientationLandscapeLeft UIInterfaceOrientationLandscapeRight";
				INFOPLIST_KEY_UISupportedInterfaceOrientations_iPhone = "UIInterfaceOrientationPortrait UIInterfaceOrientationLandscapeLeft UIInterfaceOrientationLandscapeRight";
				LD_RUNPATH_SEARCH_PATHS = (
					"$(inherited)",
					"@executable_path/Frameworks",
				);
				MARKETING_VERSION = 1.0;
				PRODUCT_BUNDLE_IDENTIFIER = leila.ToDoListCleanSwift;
				PRODUCT_NAME = "$(TARGET_NAME)";
				SWIFT_EMIT_LOC_STRINGS = YES;
				SWIFT_VERSION = 5.0;
				TARGETED_DEVICE_FAMILY = "1,2";
			};
			name = Release;
		};
/* End XCBuildConfiguration section */

/* Begin XCConfigurationList section */
		CE0AC19229B17528007A21FA /* Build configuration list for PBXProject "ToDoListCleanSwift" */ = {
			isa = XCConfigurationList;
			buildConfigurations = (
				CE0AC1A929B1752A007A21FA /* Debug */,
				CE0AC1AA29B1752A007A21FA /* Release */,
			);
			defaultConfigurationIsVisible = 0;
			defaultConfigurationName = Release;
		};
		CE0AC1AB29B1752A007A21FA /* Build configuration list for PBXNativeTarget "ToDoListCleanSwift" */ = {
			isa = XCConfigurationList;
			buildConfigurations = (
				CE0AC1AC29B1752A007A21FA /* Debug */,
				CE0AC1AD29B1752A007A21FA /* Release */,
			);
			defaultConfigurationIsVisible = 0;
			defaultConfigurationName = Release;
		};
/* End XCConfigurationList section */
	};
	rootObject = CE0AC18F29B17528007A21FA /* Project object */;
}
